
Microsoft Visual Studio Solution File, Format Version 12.00
Project("{FAE04EC0-301F-11D3-BF4B-00C04F79EFBC}") = "WebApp", "WebApp\WebApp.csproj", "{3627AAEE-1EFC-4075-8052-ED46B61F6367}"
EndProject
Project("{FAE04EC0-301F-11D3-BF4B-00C04F79EFBC}") = "Domain.App", "Domain.App\Domain.App.csproj", "{DA59F862-C7AF-4972-9463-672C4FAE6F7C}"
EndProject
Project("{FAE04EC0-301F-11D3-BF4B-00C04F79EFBC}") = "DAL.EF.App", "DAL.EF.App\DAL.EF.App.csproj", "{44923C47-AAFA-4EC5-A199-D9319FD98FFC}"
EndProject
Project("{2150E333-8FDC-42A3-9474-1A3956D46DE8}") = "Solution Items", "Solution Items", "{FBBF4212-ED61-4BAB-B9F6-07650E3915C5}"
	ProjectSection(SolutionItems) = preProject
		..\README.md = ..\README.md
		..\docker-compose.yml = ..\docker-compose.yml
	EndProjectSection
EndProject
Project("{2150E333-8FDC-42A3-9474-1A3956D46DE8}") = "APP", "APP", "{9F7B92B4-E69F-4174-9FFE-52942B16988B}"
EndProject
Project("{2150E333-8FDC-42A3-9474-1A3956D46DE8}") = "BASE", "BASE", "{C09C12D1-1007-486C-9340-25D9B86C2472}"
EndProject
Project("{2150E333-8FDC-42A3-9474-1A3956D46DE8}") = "Contracts", "Contracts", "{18D54A4D-E0CE-46D9-BF75-2411C9EAE790}"
EndProject
Project("{FAE04EC0-301F-11D3-BF4B-00C04F79EFBC}") = "Domain.Contracts.Base", "Domain.Contracts.Base\Domain.Contracts.Base.csproj", "{DD7D5B53-5BD7-42CF-9472-C155013FB778}"
EndProject
Project("{FAE04EC0-301F-11D3-BF4B-00C04F79EFBC}") = "Domain.Base", "Domain.Base\Domain.Base.csproj", "{82169E8E-8F58-4FA5-A5F1-7DD13F57A454}"
EndProject
Project("{FAE04EC0-301F-11D3-BF4B-00C04F79EFBC}") = "DAL.Contracts.Base", "DAL.Contracts.Base\DAL.Contracts.Base.csproj", "{FA4E26F2-10DB-42F2-A803-F237824EA2F9}"
EndProject
Project("{FAE04EC0-301F-11D3-BF4B-00C04F79EFBC}") = "DAL.EF.Base", "DAL.EF.Base\DAL.EF.Base.csproj", "{316AFF94-3D0F-45B2-822E-385D0CDBEE44}"
EndProject
Project("{2150E333-8FDC-42A3-9474-1A3956D46DE8}") = "Contracts", "Contracts", "{B483D178-6BED-49C6-916E-F7BA0E8FDB04}"
EndProject
Project("{FAE04EC0-301F-11D3-BF4B-00C04F79EFBC}") = "DAL.Contracts.App", "DAL.Contracts.App\DAL.Contracts.App.csproj", "{B729D5FE-6A27-4092-9408-D5F82660D2E8}"
EndProject
Project("{FAE04EC0-301F-11D3-BF4B-00C04F79EFBC}") = "Helpers.Base", "Helpers.Base\Helpers.Base.csproj", "{910C9CAE-4CA0-4BE0-BEF3-0EA48ECF2F46}"
EndProject
Project("{FAE04EC0-301F-11D3-BF4B-00C04F79EFBC}") = "Tests", "Tests\Tests.csproj", "{1FFC8E50-F6D3-4858-B8BF-239ED2E9C505}"
EndProject
Project("{FAE04EC0-301F-11D3-BF4B-00C04F79EFBC}") = "Public.DTO", "Public.DTO\Public.DTO.csproj", "{4B606E5E-2C39-4F40-B7D7-31FE2B1DE033}"
EndProject
Project("{FAE04EC0-301F-11D3-BF4B-00C04F79EFBC}") = "Contracts.Base", "Contracts.Base\Contracts.Base.csproj", "{78938CA3-4FA7-4A39-985F-44A97CF70F21}"
EndProject
Project("{FAE04EC0-301F-11D3-BF4B-00C04F79EFBC}") = "DAL.Base", "DAL.Base\DAL.Base.csproj", "{3E03408B-63BA-43F6-966A-633BC20A8488}"
EndProject
Project("{FAE04EC0-301F-11D3-BF4B-00C04F79EFBC}") = "Infrastructure.WebCrawler", "Infrastructure.WebCrawler\Infrastructure.WebCrawler.csproj", "{225B4AC1-A4D1-4A97-A8D6-03E86C25BA8E}"
EndProject
Project("{FAE04EC0-301F-11D3-BF4B-00C04F79EFBC}") = "BLL.App", "BLL.App\BLL.App.csproj", "{6406187E-8F59-45FA-9B3E-02FB9DACA477}"
EndProject
Project("{FAE04EC0-301F-11D3-BF4B-00C04F79EFBC}") = "BLL.DTO", "BLL.DTO\BLL.DTO.csproj", "{5D5FD194-9471-4D17-8DD4-5F3358B38649}"
EndProject
Project("{FAE04EC0-301F-11D3-BF4B-00C04F79EFBC}") = "BLL.Contracts.Base", "BLL.Contracts.Base\BLL.Contracts.Base.csproj", "{ED12A8F1-44FD-418C-94BC-37A96AF33E88}"
EndProject
Project("{FAE04EC0-301F-11D3-BF4B-00C04F79EFBC}") = "BLL.Base", "BLL.Base\BLL.Base.csproj", "{9874269F-114A-4104-AB5D-06934DE44061}"
EndProject
Project("{FAE04EC0-301F-11D3-BF4B-00C04F79EFBC}") = "BLL.Contracts.App", "BLL.Contracts.App\BLL.Contracts.App.csproj", "{8245016E-2320-4F6D-80A4-306451C69C10}"
EndProject
Global
	GlobalSection(SolutionConfigurationPlatforms) = preSolution
		Debug|Any CPU = Debug|Any CPU
		Release|Any CPU = Release|Any CPU
	EndGlobalSection
	GlobalSection(ProjectConfigurationPlatforms) = postSolution
		{3627AAEE-1EFC-4075-8052-ED46B61F6367}.Debug|Any CPU.ActiveCfg = Debug|Any CPU
		{3627AAEE-1EFC-4075-8052-ED46B61F6367}.Debug|Any CPU.Build.0 = Debug|Any CPU
		{3627AAEE-1EFC-4075-8052-ED46B61F6367}.Release|Any CPU.ActiveCfg = Release|Any CPU
		{3627AAEE-1EFC-4075-8052-ED46B61F6367}.Release|Any CPU.Build.0 = Release|Any CPU
		{DA59F862-C7AF-4972-9463-672C4FAE6F7C}.Debug|Any CPU.ActiveCfg = Debug|Any CPU
		{DA59F862-C7AF-4972-9463-672C4FAE6F7C}.Debug|Any CPU.Build.0 = Debug|Any CPU
		{DA59F862-C7AF-4972-9463-672C4FAE6F7C}.Release|Any CPU.ActiveCfg = Release|Any CPU
		{DA59F862-C7AF-4972-9463-672C4FAE6F7C}.Release|Any CPU.Build.0 = Release|Any CPU
		{44923C47-AAFA-4EC5-A199-D9319FD98FFC}.Debug|Any CPU.ActiveCfg = Debug|Any CPU
		{44923C47-AAFA-4EC5-A199-D9319FD98FFC}.Debug|Any CPU.Build.0 = Debug|Any CPU
		{44923C47-AAFA-4EC5-A199-D9319FD98FFC}.Release|Any CPU.ActiveCfg = Release|Any CPU
		{44923C47-AAFA-4EC5-A199-D9319FD98FFC}.Release|Any CPU.Build.0 = Release|Any CPU
		{DD7D5B53-5BD7-42CF-9472-C155013FB778}.Debug|Any CPU.ActiveCfg = Debug|Any CPU
		{DD7D5B53-5BD7-42CF-9472-C155013FB778}.Debug|Any CPU.Build.0 = Debug|Any CPU
		{DD7D5B53-5BD7-42CF-9472-C155013FB778}.Release|Any CPU.ActiveCfg = Release|Any CPU
		{DD7D5B53-5BD7-42CF-9472-C155013FB778}.Release|Any CPU.Build.0 = Release|Any CPU
		{82169E8E-8F58-4FA5-A5F1-7DD13F57A454}.Debug|Any CPU.ActiveCfg = Debug|Any CPU
		{82169E8E-8F58-4FA5-A5F1-7DD13F57A454}.Debug|Any CPU.Build.0 = Debug|Any CPU
		{82169E8E-8F58-4FA5-A5F1-7DD13F57A454}.Release|Any CPU.ActiveCfg = Release|Any CPU
		{82169E8E-8F58-4FA5-A5F1-7DD13F57A454}.Release|Any CPU.Build.0 = Release|Any CPU
		{FA4E26F2-10DB-42F2-A803-F237824EA2F9}.Debug|Any CPU.ActiveCfg = Debug|Any CPU
		{FA4E26F2-10DB-42F2-A803-F237824EA2F9}.Debug|Any CPU.Build.0 = Debug|Any CPU
		{FA4E26F2-10DB-42F2-A803-F237824EA2F9}.Release|Any CPU.ActiveCfg = Release|Any CPU
		{FA4E26F2-10DB-42F2-A803-F237824EA2F9}.Release|Any CPU.Build.0 = Release|Any CPU
		{316AFF94-3D0F-45B2-822E-385D0CDBEE44}.Debug|Any CPU.ActiveCfg = Debug|Any CPU
		{316AFF94-3D0F-45B2-822E-385D0CDBEE44}.Debug|Any CPU.Build.0 = Debug|Any CPU
		{316AFF94-3D0F-45B2-822E-385D0CDBEE44}.Release|Any CPU.ActiveCfg = Release|Any CPU
		{316AFF94-3D0F-45B2-822E-385D0CDBEE44}.Release|Any CPU.Build.0 = Release|Any CPU
		{B729D5FE-6A27-4092-9408-D5F82660D2E8}.Debug|Any CPU.ActiveCfg = Debug|Any CPU
		{B729D5FE-6A27-4092-9408-D5F82660D2E8}.Debug|Any CPU.Build.0 = Debug|Any CPU
		{B729D5FE-6A27-4092-9408-D5F82660D2E8}.Release|Any CPU.ActiveCfg = Release|Any CPU
		{B729D5FE-6A27-4092-9408-D5F82660D2E8}.Release|Any CPU.Build.0 = Release|Any CPU
		{910C9CAE-4CA0-4BE0-BEF3-0EA48ECF2F46}.Debug|Any CPU.ActiveCfg = Debug|Any CPU
		{910C9CAE-4CA0-4BE0-BEF3-0EA48ECF2F46}.Debug|Any CPU.Build.0 = Debug|Any CPU
		{910C9CAE-4CA0-4BE0-BEF3-0EA48ECF2F46}.Release|Any CPU.ActiveCfg = Release|Any CPU
		{910C9CAE-4CA0-4BE0-BEF3-0EA48ECF2F46}.Release|Any CPU.Build.0 = Release|Any CPU
		{1FFC8E50-F6D3-4858-B8BF-239ED2E9C505}.Debug|Any CPU.ActiveCfg = Debug|Any CPU
		{1FFC8E50-F6D3-4858-B8BF-239ED2E9C505}.Debug|Any CPU.Build.0 = Debug|Any CPU
		{1FFC8E50-F6D3-4858-B8BF-239ED2E9C505}.Release|Any CPU.ActiveCfg = Release|Any CPU
		{1FFC8E50-F6D3-4858-B8BF-239ED2E9C505}.Release|Any CPU.Build.0 = Release|Any CPU
		{4B606E5E-2C39-4F40-B7D7-31FE2B1DE033}.Debug|Any CPU.ActiveCfg = Debug|Any CPU
		{4B606E5E-2C39-4F40-B7D7-31FE2B1DE033}.Debug|Any CPU.Build.0 = Debug|Any CPU
		{4B606E5E-2C39-4F40-B7D7-31FE2B1DE033}.Release|Any CPU.ActiveCfg = Release|Any CPU
		{4B606E5E-2C39-4F40-B7D7-31FE2B1DE033}.Release|Any CPU.Build.0 = Release|Any CPU
		{78938CA3-4FA7-4A39-985F-44A97CF70F21}.Debug|Any CPU.ActiveCfg = Debug|Any CPU
		{78938CA3-4FA7-4A39-985F-44A97CF70F21}.Debug|Any CPU.Build.0 = Debug|Any CPU
		{78938CA3-4FA7-4A39-985F-44A97CF70F21}.Release|Any CPU.ActiveCfg = Release|Any CPU
		{78938CA3-4FA7-4A39-985F-44A97CF70F21}.Release|Any CPU.Build.0 = Release|Any CPU
		{3E03408B-63BA-43F6-966A-633BC20A8488}.Debug|Any CPU.ActiveCfg = Debug|Any CPU
		{3E03408B-63BA-43F6-966A-633BC20A8488}.Debug|Any CPU.Build.0 = Debug|Any CPU
		{3E03408B-63BA-43F6-966A-633BC20A8488}.Release|Any CPU.ActiveCfg = Release|Any CPU
		{3E03408B-63BA-43F6-966A-633BC20A8488}.Release|Any CPU.Build.0 = Release|Any CPU
		{225B4AC1-A4D1-4A97-A8D6-03E86C25BA8E}.Debug|Any CPU.ActiveCfg = Debug|Any CPU
		{225B4AC1-A4D1-4A97-A8D6-03E86C25BA8E}.Debug|Any CPU.Build.0 = Debug|Any CPU
		{225B4AC1-A4D1-4A97-A8D6-03E86C25BA8E}.Release|Any CPU.ActiveCfg = Release|Any CPU
		{225B4AC1-A4D1-4A97-A8D6-03E86C25BA8E}.Release|Any CPU.Build.0 = Release|Any CPU
		{6406187E-8F59-45FA-9B3E-02FB9DACA477}.Debug|Any CPU.ActiveCfg = Debug|Any CPU
		{6406187E-8F59-45FA-9B3E-02FB9DACA477}.Debug|Any CPU.Build.0 = Debug|Any CPU
		{6406187E-8F59-45FA-9B3E-02FB9DACA477}.Release|Any CPU.ActiveCfg = Release|Any CPU
		{6406187E-8F59-45FA-9B3E-02FB9DACA477}.Release|Any CPU.Build.0 = Release|Any CPU
		{5D5FD194-9471-4D17-8DD4-5F3358B38649}.Debug|Any CPU.ActiveCfg = Debug|Any CPU
		{5D5FD194-9471-4D17-8DD4-5F3358B38649}.Debug|Any CPU.Build.0 = Debug|Any CPU
		{5D5FD194-9471-4D17-8DD4-5F3358B38649}.Release|Any CPU.ActiveCfg = Release|Any CPU
		{5D5FD194-9471-4D17-8DD4-5F3358B38649}.Release|Any CPU.Build.0 = Release|Any CPU
		{ED12A8F1-44FD-418C-94BC-37A96AF33E88}.Debug|Any CPU.ActiveCfg = Debug|Any CPU
		{ED12A8F1-44FD-418C-94BC-37A96AF33E88}.Debug|Any CPU.Build.0 = Debug|Any CPU
		{ED12A8F1-44FD-418C-94BC-37A96AF33E88}.Release|Any CPU.ActiveCfg = Release|Any CPU
		{ED12A8F1-44FD-418C-94BC-37A96AF33E88}.Release|Any CPU.Build.0 = Release|Any CPU
		{9874269F-114A-4104-AB5D-06934DE44061}.Debug|Any CPU.ActiveCfg = Debug|Any CPU
		{9874269F-114A-4104-AB5D-06934DE44061}.Debug|Any CPU.Build.0 = Debug|Any CPU
		{9874269F-114A-4104-AB5D-06934DE44061}.Release|Any CPU.ActiveCfg = Release|Any CPU
		{9874269F-114A-4104-AB5D-06934DE44061}.Release|Any CPU.Build.0 = Release|Any CPU
		{8245016E-2320-4F6D-80A4-306451C69C10}.Debug|Any CPU.ActiveCfg = Debug|Any CPU
		{8245016E-2320-4F6D-80A4-306451C69C10}.Debug|Any CPU.Build.0 = Debug|Any CPU
		{8245016E-2320-4F6D-80A4-306451C69C10}.Release|Any CPU.ActiveCfg = Release|Any CPU
		{8245016E-2320-4F6D-80A4-306451C69C10}.Release|Any CPU.Build.0 = Release|Any CPU
	EndGlobalSection
	GlobalSection(NestedProjects) = preSolution
		{44923C47-AAFA-4EC5-A199-D9319FD98FFC} = {9F7B92B4-E69F-4174-9FFE-52942B16988B}
		{DA59F862-C7AF-4972-9463-672C4FAE6F7C} = {9F7B92B4-E69F-4174-9FFE-52942B16988B}
		{3627AAEE-1EFC-4075-8052-ED46B61F6367} = {9F7B92B4-E69F-4174-9FFE-52942B16988B}
		{18D54A4D-E0CE-46D9-BF75-2411C9EAE790} = {C09C12D1-1007-486C-9340-25D9B86C2472}
		{DD7D5B53-5BD7-42CF-9472-C155013FB778} = {18D54A4D-E0CE-46D9-BF75-2411C9EAE790}
		{FA4E26F2-10DB-42F2-A803-F237824EA2F9} = {18D54A4D-E0CE-46D9-BF75-2411C9EAE790}
		{82169E8E-8F58-4FA5-A5F1-7DD13F57A454} = {C09C12D1-1007-486C-9340-25D9B86C2472}
		{316AFF94-3D0F-45B2-822E-385D0CDBEE44} = {C09C12D1-1007-486C-9340-25D9B86C2472}
		{B483D178-6BED-49C6-916E-F7BA0E8FDB04} = {9F7B92B4-E69F-4174-9FFE-52942B16988B}
		{B729D5FE-6A27-4092-9408-D5F82660D2E8} = {B483D178-6BED-49C6-916E-F7BA0E8FDB04}
		{910C9CAE-4CA0-4BE0-BEF3-0EA48ECF2F46} = {C09C12D1-1007-486C-9340-25D9B86C2472}
		{1FFC8E50-F6D3-4858-B8BF-239ED2E9C505} = {9F7B92B4-E69F-4174-9FFE-52942B16988B}
		{4B606E5E-2C39-4F40-B7D7-31FE2B1DE033} = {9F7B92B4-E69F-4174-9FFE-52942B16988B}
		{78938CA3-4FA7-4A39-985F-44A97CF70F21} = {18D54A4D-E0CE-46D9-BF75-2411C9EAE790}
		{3E03408B-63BA-43F6-966A-633BC20A8488} = {C09C12D1-1007-486C-9340-25D9B86C2472}
		{225B4AC1-A4D1-4A97-A8D6-03E86C25BA8E} = {9F7B92B4-E69F-4174-9FFE-52942B16988B}
		{6406187E-8F59-45FA-9B3E-02FB9DACA477} = {9F7B92B4-E69F-4174-9FFE-52942B16988B}
		{5D5FD194-9471-4D17-8DD4-5F3358B38649} = {9F7B92B4-E69F-4174-9FFE-52942B16988B}
		{ED12A8F1-44FD-418C-94BC-37A96AF33E88} = {18D54A4D-E0CE-46D9-BF75-2411C9EAE790}
		{9874269F-114A-4104-AB5D-06934DE44061} = {C09C12D1-1007-486C-9340-25D9B86C2472}
		{8245016E-2320-4F6D-80A4-306451C69C10} = {B483D178-6BED-49C6-916E-F7BA0E8FDB04}
	EndGlobalSection
EndGlobal
